# THIS IS AN AUTOGENERATED FILE. DO NOT EDIT THIS FILE DIRECTLY.
# yarn lockfile v1


"@tsconfig/node14@1.0.1":
  version "1.0.1"
  resolved "https://registry.yarnpkg.com/@tsconfig/node14/-/node14-1.0.1.tgz#95f2d167ffb9b8d2068b0b235302fafd4df711f2"
  integrity sha512-509r2+yARFfHHE7T6Puu2jjkoycftovhXRqW328PDXTVGKihlb1P8Z9mMZH04ebyajfRY7dedfGynlrFHJUQCg==

"@type-challenges/utils@0.1.1":
  version "0.1.1"
  resolved "https://registry.yarnpkg.com/@type-challenges/utils/-/utils-0.1.1.tgz#18ce289fb84caf1c13eee211226dbf2bc6195ed3"
  integrity sha512-A7ljYfBM+FLw+NDyuYvGBJiCEV9c0lPWEAdzfOAkb3JFqfLl0Iv/WhWMMARHiRKlmmiD1g8gz/507yVvHdQUYA==

"@types/js-yaml@4.0.1":
  version "4.0.1"
  resolved "https://registry.yarnpkg.com/@types/js-yaml/-/js-yaml-4.0.1.tgz#5544730b65a480b18ace6b6ce914e519cec2d43b"
  integrity sha512-xdOvNmXmrZqqPy3kuCQ+fz6wA0xU5pji9cd1nDrflWaAWtYLLGk5ykW0H6yg5TVyehHP1pfmuuSaZkhP+kspVA==

"@types/lz-string@1.3.34":
  version "1.3.34"
  resolved "https://registry.yarnpkg.com/@types/lz-string/-/lz-string-1.3.34.tgz#69bfadde419314b4a374bf2c8e58659c035ed0a5"
  integrity sha512-j6G1e8DULJx3ONf6NdR5JiR2ZY3K3PaaqiEuKYkLQO0Czfi1AzrtjfnfCROyWGeDd5IVMKCwsgSmMip9OWijow==

"@types/markdown-table@2.0.0":
  version "2.0.0"
  resolved "https://registry.yarnpkg.com/@types/markdown-table/-/markdown-table-2.0.0.tgz#d2a3458c61ee71c8ee2b40b76c199b85b8dbd70c"
  integrity sha512-fVZN/DRjZvjuk+lo7ovlI/ZycS51gpYU5vw5EcFeqkcX6lucQ+UWgEOH2O4KJHkSck4DHAY7D7CkVLD0wzc5qw==

argparse@^2.0.1:
  version "2.0.1"
  resolved "https://registry.yarnpkg.com/argparse/-/argparse-2.0.1.tgz#246f50f3ca78a3240f6c997e8a9bd1eac49e4b38"
  integrity sha512-8+9WqebbFzpX9OR+Wa6O29asIogeRMzcGtAINdpMHHyAg10f05aSFVBbcEqGf/PXw1EjAZ+q2/bEBg3DvurK3Q==

js-yaml@4.1.0:
  version "4.1.0"
  resolved "https://registry.yarnpkg.com/js-yaml/-/js-yaml-4.1.0.tgz#c1fb65f8f5017901cdd2c951864ba18458a10602"
  integrity sha512-wpxZs9NoxZaJESJGIZTyDEaYpl0FKSA+FB9aJiyemKhMwkxQg63h4T1KJgUGHpTqPDNRcmmYLugrRjJlBtWvRA==
  dependencies:
    argparse "^2.0.1"

lz-string@1.4.4:
  version "1.4.4"
  resolved "https://registry.yarnpkg.com/lz-string/-/lz-string-1.4.4.tgz#c0d8eaf36059f705796e1e344811cf4c498d3a26"
  integrity sha1-wNjq82BZ9wV5bh40SBHPTEmNOiY=

markdown-table@3.0.1:
  version "3.0.1"
  resolved "https://registry.yarnpkg.com/markdown-table/-/markdown-table-3.0.1.tgz#88c48957aaf2a8014ccb2ba026776a1d736fe3dc"
  integrity sha512-CBbaYXKSGnE1uLRpKA1SWgIRb2PQrpkllNWpZtZe6VojOJ4ysqiq7/2glYcmKsOYN09QgH/HEBX5hIshAeiK6A==

prettier@2.3.1:
  version "2.3.1"
  resolved "https://registry.yarnpkg.com/prettier/-/prettier-2.3.1.tgz#76903c3f8c4449bc9ac597acefa24dc5ad4cbea6"
  integrity sha512-p+vNbgpLjif/+D+DwAZAbndtRrR0md0MwfmOVN9N+2RgyACMT+7tfaRnT+WDPkqnuVwleyuBIG2XBxKDme3hPA==

typescript@4.3.4:
  version "4.3.4"
  resolved "https://registry.yarnpkg.com/typescript/-/typescript-4.3.4.tgz#3f85b986945bcf31071decdd96cf8bfa65f9dcbc"
  integrity sha512-uauPG7XZn9F/mo+7MrsRjyvbxFpzemRjKEZXS4AK83oP2KKOJPvb+9cO/gmnv8arWZvhnjVOXz7B49m1l0e9Ew==
