# THIS IS AN AUTOGENERATED FILE. DO NOT EDIT THIS FILE DIRECTLY.
# yarn lockfile v1


"@tsconfig/node14@1.0.0":
  version "1.0.0"
  resolved "https://registry.yarnpkg.com/@tsconfig/node14/-/node14-1.0.0.tgz#5bd046e508b1ee90bc091766758838741fdefd6e"
  integrity sha512-RKkL8eTdPv6t5EHgFKIVQgsDapugbuOptNd9OOunN/HAkzmmTnZELx1kNCK0rSdUYGmiFMM3rRQMAWiyp023LQ==

"@type-challenges/utils@0.1.1":
  version "0.1.1"
  resolved "https://registry.yarnpkg.com/@type-challenges/utils/-/utils-0.1.1.tgz#18ce289fb84caf1c13eee211226dbf2bc6195ed3"
  integrity sha512-A7ljYfBM+FLw+NDyuYvGBJiCEV9c0lPWEAdzfOAkb3JFqfLl0Iv/WhWMMARHiRKlmmiD1g8gz/507yVvHdQUYA==

typescript@4.1.1-rc:
  version "4.1.1-rc"
  resolved "https://registry.yarnpkg.com/typescript/-/typescript-4.1.1-rc.tgz#4a335244b9b2754995849ca4b607c74d6ee73719"
  integrity sha512-tgNcFrLIjlaMWEc7bKC0bxLNIt8BIAauY/HLUOQDyTP75HGskETtXOt46x4EKAHRKhWVLMc7yM02puTHa/yhCA==
